<?xml version="1.0" encoding="utf-8"?>
<Project ToolsVersion="4.0" xmlns="http://schemas.microsoft.com/developer/msbuild/2003">
  <ItemGroup>
    <Filter Include="Source Files">
      <UniqueIdentifier>{4FC737F1-C7A5-4376-A066-2A32D752A2FF}</UniqueIdentifier>
      <Extensions>cpp;c;cc;cxx;def;odl;idl;hpj;bat;asm;asmx</Extensions>
    </Filter>
    <Filter Include="Header Files">
      <UniqueIdentifier>{93995380-89BD-4b04-88EB-625FBE52EBFB}</UniqueIdentifier>
      <Extensions>h;hh;hpp;hxx;hm;inl;inc;xsd</Extensions>
    </Filter>
    <Filter Include="Resource Files">
      <UniqueIdentifier>{67DA6AB6-F800-4c08-8B7A-83BB121AAD01}</UniqueIdentifier>
      <Extensions>rc;ico;cur;bmp;dlg;rc2;rct;bin;rgs;gif;jpg;jpeg;jpe;resx;tiff;tif;png;wav;mfcribbon-ms</Extensions>
    </Filter>
  </ItemGroup>
  <ItemGroup>
    <ClCompile Include="main.cpp">
      <Filter>Source Files</Filter>
    </ClCompile>
    <ClCompile Include="p3dappprefs.cpp">
      <Filter>Source Files</Filter>
    </ClCompile>
    <ClCompile Include="p3dcamera.cpp">
      <Filter>Source Files</Filter>
    </ClCompile>
    <ClCompile Include="p3dcanvas3d.cpp">
      <Filter>Source Files</Filter>
    </ClCompile>
    <ClCompile Include="p3dcmdqueue.cpp">
      <Filter>Source Files</Filter>
    </ClCompile>
    <ClCompile Include="p3didevfs.cpp">
      <Filter>Source Files</Filter>
    </ClCompile>
    <ClCompile Include="p3dimagewx.cpp">
      <Filter>Source Files</Filter>
    </ClCompile>
    <ClCompile Include="p3dlog.cpp">
      <Filter>Source Files</Filter>
    </ClCompile>
    <ClCompile Include="p3dmaterialstd.cpp">
      <Filter>Source Files</Filter>
    </ClCompile>
    <ClCompile Include="p3dmedit.cpp">
      <Filter>Source Files</Filter>
    </ClCompile>
    <ClCompile Include="p3dnga.cpp">
      <Filter>Source Files</Filter>
    </ClCompile>
    <ClCompile Include="p3dpluginfo.cpp">
      <Filter>Source Files</Filter>
    </ClCompile>
    <ClCompile Include="p3dpluglua.cpp">
      <Filter>Source Files</Filter>
    </ClCompile>
    <ClCompile Include="p3dplugluactl.cpp">
      <Filter>Source Files</Filter>
    </ClCompile>
    <ClCompile Include="p3dplugluafs.cpp">
      <Filter>Source Files</Filter>
    </ClCompile>
    <ClCompile Include="p3dplugluahli.cpp">
      <Filter>Source Files</Filter>
    </ClCompile>
    <ClCompile Include="p3dplugluaprefs.cpp">
      <Filter>Source Files</Filter>
    </ClCompile>
    <ClCompile Include="p3dplugluaui.cpp">
      <Filter>Source Files</Filter>
    </ClCompile>
    <ClCompile Include="p3dpobject.cpp">
      <Filter>Source Files</Filter>
    </ClCompile>
    <ClCompile Include="p3drecentfiles.cpp">
      <Filter>Source Files</Filter>
    </ClCompile>
    <ClCompile Include="p3dshaders.cpp">
      <Filter>Source Files</Filter>
    </ClCompile>
    <ClCompile Include="p3dtexture.cpp">
      <Filter>Source Files</Filter>
    </ClCompile>
    <ClCompile Include="p3duiappopt.cpp">
      <Filter>Source Files</Filter>
    </ClCompile>
    <ClCompile Include="p3duibalgbase.cpp">
      <Filter>Source Files</Filter>
    </ClCompile>
    <ClCompile Include="p3duibalgstd.cpp">
      <Filter>Source Files</Filter>
    </ClCompile>
    <ClCompile Include="p3duibalgwings.cpp">
      <Filter>Source Files</Filter>
    </ClCompile>
    <ClCompile Include="p3duilicensedialog.cpp">
      <Filter>Source Files</Filter>
    </ClCompile>
    <ClCompile Include="p3duimaterialstd.cpp">
      <Filter>Source Files</Filter>
    </ClCompile>
    <ClCompile Include="p3duimodelstemempty.cpp">
      <Filter>Source Files</Filter>
    </ClCompile>
    <ClCompile Include="p3duimodelstemquad.cpp">
      <Filter>Source Files</Filter>
    </ClCompile>
    <ClCompile Include="p3duimodelstemtube.cpp">
      <Filter>Source Files</Filter>
    </ClCompile>
    <ClCompile Include="p3duimodelstemwings.cpp">
      <Filter>Source Files</Filter>
    </ClCompile>
    <ClCompile Include="p3duioptgeneral.cpp">
      <Filter>Source Files</Filter>
    </ClCompile>
    <ClCompile Include="p3duivisrangepanel.cpp">
      <Filter>Source Files</Filter>
    </ClCompile>
    <ClCompile Include="p3dwx.cpp">
      <Filter>Source Files</Filter>
    </ClCompile>
    <ClCompile Include="p3dwxcurvectrl.cpp">
      <Filter>Source Files</Filter>
    </ClCompile>
    <ClCompile Include="p3dwxlistdlg.cpp">
      <Filter>Source Files</Filter>
    </ClCompile>
    <ClCompile Include="zipstore\zipstore.cpp">
      <Filter>Source Files</Filter>
    </ClCompile>
  </ItemGroup>
</Project>